
Microsoft Visual Studio Solution File, Format Version 12.00
# Visual Studio Version 16
VisualStudioVersion = 16.0.29613.14
MinimumVisualStudioVersion = 10.0.40219.1
Project("{FAE04EC0-301F-11D3-BF4B-00C04F79EFBC}") = "DemoIndexer", "DemoIndexer.csproj", "{6DE79B74-73D6-4CC8-B147-0507FA9EE659}"
EndProject
Global
	GlobalSection(SolutionConfigurationPlatforms) = preSolution
		Debug|Any CPU = Debug|Any CPU
		Release|Any CPU = Release|Any CPU
	EndGlobalSection
	GlobalSection(ProjectConfigurationPlatforms) = postSolution
		{6DE79B74-73D6-4CC8-B147-0507FA9EE659}.Debug|Any CPU.ActiveCfg = Debug|Any CPU
		{6DE79B74-73D6-4CC8-B147-0507FA9EE659}.Debug|Any CPU.Build.0 = Debug|Any CPU
		{6DE79B74-73D6-4CC8-B147-0507FA9EE659}.Release|Any CPU.ActiveCfg = Release|Any CPU
		{6DE79B74-73D6-4CC8-B147-0507FA9EE659}.Release|Any CPU.Build.0 = Release|Any CPU
	EndGlobalSection
	GlobalSection(SolutionProperties) = preSolution
		HideSolutionNode = FALSE
	EndGlobalSection
	GlobalSection(ExtensibilityGlobals) = postSolution
		SolutionGuid = {5DCCB45C-5C65-4B31-9105-B3987CA0A433}
	EndGlobalSection
EndGlobal
